
Microsoft Visual Studio Solution File, Format Version 12.00
# Visual Studio Version 17
VisualStudioVersion = 17.7.34221.43
MinimumVisualStudioVersion = 10.0.40219.1
Project("{2150E333-8FDC-42A3-9474-1A3956D46DE8}") = "src", "src", "{B56D6953-F88B-496A-A7FE-EB3B8F45E031}"
EndProject
Project("{FAE04EC0-301F-11D3-BF4B-00C04F79EFBC}") = "BookingComExample.Domain", "src\BookingComExample.Domain\BookingComExample.Domain.csproj", "{B3443EBE-56D8-4DC3-8933-145BFFA8F848}"
EndProject
Project("{2150E333-8FDC-42A3-9474-1A3956D46DE8}") = "test", "test", "{C6AAF703-0897-4795-97D5-3FE594A6EFD8}"
EndProject
Project("{FAE04EC0-301F-11D3-BF4B-00C04F79EFBC}") = "BookingComExample.Application", "BookingComExample.Application\BookingComExample.Application.csproj", "{EA717618-6C1B-4509-A614-6E641BBE63DE}"
EndProject
Project("{FAE04EC0-301F-11D3-BF4B-00C04F79EFBC}") = "BookingComExample.Infrastructure", "BookingComExample.Infrastructure\BookingComExample.Infrastructure.csproj", "{B3867E0E-8B78-4283-B527-E27FCF5CCD18}"
EndProject
Project("{FAE04EC0-301F-11D3-BF4B-00C04F79EFBC}") = "BookingComExample.Api", "BookingComExample.Api\BookingComExample.Api.csproj", "{AA6C1E53-16DE-4C27-9018-FD1793507C48}"
EndProject
Global
	GlobalSection(SolutionConfigurationPlatforms) = preSolution
		Debug|Any CPU = Debug|Any CPU
		Release|Any CPU = Release|Any CPU
	EndGlobalSection
	GlobalSection(ProjectConfigurationPlatforms) = postSolution
		{B3443EBE-56D8-4DC3-8933-145BFFA8F848}.Debug|Any CPU.ActiveCfg = Debug|Any CPU
		{B3443EBE-56D8-4DC3-8933-145BFFA8F848}.Debug|Any CPU.Build.0 = Debug|Any CPU
		{B3443EBE-56D8-4DC3-8933-145BFFA8F848}.Release|Any CPU.ActiveCfg = Release|Any CPU
		{B3443EBE-56D8-4DC3-8933-145BFFA8F848}.Release|Any CPU.Build.0 = Release|Any CPU
		{EA717618-6C1B-4509-A614-6E641BBE63DE}.Debug|Any CPU.ActiveCfg = Debug|Any CPU
		{EA717618-6C1B-4509-A614-6E641BBE63DE}.Debug|Any CPU.Build.0 = Debug|Any CPU
		{EA717618-6C1B-4509-A614-6E641BBE63DE}.Release|Any CPU.ActiveCfg = Release|Any CPU
		{EA717618-6C1B-4509-A614-6E641BBE63DE}.Release|Any CPU.Build.0 = Release|Any CPU
		{B3867E0E-8B78-4283-B527-E27FCF5CCD18}.Debug|Any CPU.ActiveCfg = Debug|Any CPU
		{B3867E0E-8B78-4283-B527-E27FCF5CCD18}.Debug|Any CPU.Build.0 = Debug|Any CPU
		{B3867E0E-8B78-4283-B527-E27FCF5CCD18}.Release|Any CPU.ActiveCfg = Release|Any CPU
		{B3867E0E-8B78-4283-B527-E27FCF5CCD18}.Release|Any CPU.Build.0 = Release|Any CPU
		{AA6C1E53-16DE-4C27-9018-FD1793507C48}.Debug|Any CPU.ActiveCfg = Debug|Any CPU
		{AA6C1E53-16DE-4C27-9018-FD1793507C48}.Debug|Any CPU.Build.0 = Debug|Any CPU
		{AA6C1E53-16DE-4C27-9018-FD1793507C48}.Release|Any CPU.ActiveCfg = Release|Any CPU
		{AA6C1E53-16DE-4C27-9018-FD1793507C48}.Release|Any CPU.Build.0 = Release|Any CPU
	EndGlobalSection
	GlobalSection(SolutionProperties) = preSolution
		HideSolutionNode = FALSE
	EndGlobalSection
	GlobalSection(NestedProjects) = preSolution
		{B3443EBE-56D8-4DC3-8933-145BFFA8F848} = {B56D6953-F88B-496A-A7FE-EB3B8F45E031}
		{C6AAF703-0897-4795-97D5-3FE594A6EFD8} = {B56D6953-F88B-496A-A7FE-EB3B8F45E031}
		{EA717618-6C1B-4509-A614-6E641BBE63DE} = {B56D6953-F88B-496A-A7FE-EB3B8F45E031}
		{B3867E0E-8B78-4283-B527-E27FCF5CCD18} = {B56D6953-F88B-496A-A7FE-EB3B8F45E031}
		{AA6C1E53-16DE-4C27-9018-FD1793507C48} = {B56D6953-F88B-496A-A7FE-EB3B8F45E031}
	EndGlobalSection
	GlobalSection(ExtensibilityGlobals) = postSolution
		SolutionGuid = {3DCF5B5B-6FA4-4611-9265-7887D0293C13}
	EndGlobalSection
EndGlobal
